{
  "version": 4,
  "terraform_version": "1.4.6",
  "serial": 263,
  "lineage": "2154aef9-ed50-1fbb-881b-aef8d864edc5",
  "outputs": {
    "external_ip_address_nodes": {
      "value": {
        "node-0": "158.160.43.46",
        "node-1": "51.250.31.139",
        "node-2": "51.250.45.59"
      },
      "type": [
        "object",
        {
          "node-0": "string",
          "node-1": "string",
          "node-2": "string"
        }
      ]
    },
    "internal_ip_address_nodes": {
      "value": {
        "node-0": "10.10.1.25",
        "node-1": "10.10.2.5",
        "node-2": "10.10.3.18"
      },
      "type": [
        "object",
        {
          "node-0": "string",
          "node-1": "string",
          "node-2": "string"
        }
      ]
    }
  },
  "resources": [
    {
      "mode": "managed",
      "type": "yandex_compute_instance",
      "name": "cluster-k8s",
      "provider": "provider[\"registry.terraform.io/yandex-cloud/yandex\"]",
      "instances": [
        {
          "index_key": 0,
          "schema_version": 1,
          "attributes": {
            "allow_recreate": null,
            "allow_stopping_for_update": true,
            "boot_disk": [
              {
                "auto_delete": true,
                "device_name": "fhm4clchp5ul245r1mha",
                "disk_id": "fhm4clchp5ul245r1mha",
                "initialize_params": [
                  {
                    "block_size": 4096,
                    "description": "",
                    "image_id": "fd852pbtueis1q0pbt4o",
                    "name": "",
                    "size": 20,
                    "snapshot_id": "",
                    "type": "network-ssd"
                  }
                ],
                "mode": "READ_WRITE"
              }
            ],
            "created_at": "2023-07-03T19:29:18Z",
            "description": "",
            "filesystem": [],
            "folder_id": "b1gqa9gdm6fdhcqc67a4",
            "fqdn": "node-0.ru-central1.internal",
            "gpu_cluster_id": "",
            "hostname": "node-0",
            "id": "fhmhpn0nrnnlok1ocld4",
            "labels": {
              "index": "0"
            },
            "local_disk": [],
            "metadata": {
              "ssh-keys": "ubuntu:ssh-rsa AAAAB3NzaC1yc2EAAAADAQABAAABgQDCA9SzDj6gX6Kno27qlWIh3yOU5LygCrTO1A21HtXUHfWg/vcgrvsKGNIG0D2aZF/zeZQsA8t/7ChY44TTrB39mHG55dkqys0y7WDU3BNWYUcHntG+SCUddC+QKcb6e4RdZyF/W+4WeWewIct370X9PqMXImgIxrzExrpAJQmwIJDfcvtzsrL6jOY+TSEA0Fh5HsAVRnCM7EEV0nfsD8aDTqtpLKNqJaAXZb+CmL8/etYXtdyy3jqpLn35+9h/8Czhmr/ru5U2TtWtn89kHeQg8gXyM4q8tdV4N0fLOkRwH+my8rBGd7m/A+WAxJefMWZ08qqvH1LJ7Qh+rqo47QJiW72mEgzP2ahBoDFBTo20X8bMz1HSz0JDCufyRaCFRuFDiQK53fCyYZKVBlgt/M5bQhEXUO3RvpWt7kerPHdqClBjBh8KIcMmVY9i6JamRMTyDX1mKfyhfizEA5BzT3oz/jkQnYztvqH45O5Hudz4VNtp/weH7gpaG/tguOy6Xbs= root@server1\n"
            },
            "metadata_options": [
              {
                "aws_v1_http_endpoint": 1,
                "aws_v1_http_token": 2,
                "gce_http_endpoint": 1,
                "gce_http_token": 1
              }
            ],
            "name": "node-0",
            "network_acceleration_type": "standard",
            "network_interface": [
              {
                "dns_record": [],
                "index": 0,
                "ip_address": "10.10.1.25",
                "ipv4": true,
                "ipv6": false,
                "ipv6_address": "",
                "ipv6_dns_record": [],
                "mac_address": "d0:0d:11:cd:c1:7d",
                "nat": true,
                "nat_dns_record": [],
                "nat_ip_address": "158.160.43.46",
                "nat_ip_version": "IPV4",
                "security_group_ids": [],
                "subnet_id": "e9bpp3vt4laobgsgofap"
              }
            ],
            "placement_policy": [
              {
                "host_affinity_rules": [],
                "placement_group_id": ""
              }
            ],
            "platform_id": "standard-v1",
            "resources": [
              {
                "core_fraction": 100,
                "cores": 4,
                "gpus": 0,
                "memory": 4
              }
            ],
            "scheduling_policy": [
              {
                "preemptible": true
              }
            ],
            "secondary_disk": [],
            "service_account_id": "",
            "status": "running",
            "timeouts": null,
            "zone": "ru-central1-a"
          },
          "sensitive_attributes": [],
          "private": "eyJlMmJmYjczMC1lY2FhLTExZTYtOGY4OC0zNDM2M2JjN2M0YzAiOnsiY3JlYXRlIjozMDAwMDAwMDAwMDAsImRlbGV0ZSI6MzAwMDAwMDAwMDAwLCJ1cGRhdGUiOjMwMDAwMDAwMDAwMH0sInNjaGVtYV92ZXJzaW9uIjoiMSJ9",
          "dependencies": [
            "yandex_vpc_network.subnet-zones",
            "yandex_vpc_subnet.subnet-zones"
          ]
        },
        {
          "index_key": 1,
          "schema_version": 1,
          "attributes": {
            "allow_recreate": null,
            "allow_stopping_for_update": true,
            "boot_disk": [
              {
                "auto_delete": true,
                "device_name": "epd9b09i8qthtc4m1v11",
                "disk_id": "epd9b09i8qthtc4m1v11",
                "initialize_params": [
                  {
                    "block_size": 4096,
                    "description": "",
                    "image_id": "fd852pbtueis1q0pbt4o",
                    "name": "",
                    "size": 20,
                    "snapshot_id": "",
                    "type": "network-ssd"
                  }
                ],
                "mode": "READ_WRITE"
              }
            ],
            "created_at": "2023-07-03T19:29:18Z",
            "description": "",
            "filesystem": [],
            "folder_id": "b1gqa9gdm6fdhcqc67a4",
            "fqdn": "node-1.ru-central1.internal",
            "gpu_cluster_id": "",
            "hostname": "node-1",
            "id": "epdajjgqkhqbb8bq1ukm",
            "labels": {
              "index": "1"
            },
            "local_disk": [],
            "metadata": {
              "ssh-keys": "ubuntu:ssh-rsa AAAAB3NzaC1yc2EAAAADAQABAAABgQDCA9SzDj6gX6Kno27qlWIh3yOU5LygCrTO1A21HtXUHfWg/vcgrvsKGNIG0D2aZF/zeZQsA8t/7ChY44TTrB39mHG55dkqys0y7WDU3BNWYUcHntG+SCUddC+QKcb6e4RdZyF/W+4WeWewIct370X9PqMXImgIxrzExrpAJQmwIJDfcvtzsrL6jOY+TSEA0Fh5HsAVRnCM7EEV0nfsD8aDTqtpLKNqJaAXZb+CmL8/etYXtdyy3jqpLn35+9h/8Czhmr/ru5U2TtWtn89kHeQg8gXyM4q8tdV4N0fLOkRwH+my8rBGd7m/A+WAxJefMWZ08qqvH1LJ7Qh+rqo47QJiW72mEgzP2ahBoDFBTo20X8bMz1HSz0JDCufyRaCFRuFDiQK53fCyYZKVBlgt/M5bQhEXUO3RvpWt7kerPHdqClBjBh8KIcMmVY9i6JamRMTyDX1mKfyhfizEA5BzT3oz/jkQnYztvqH45O5Hudz4VNtp/weH7gpaG/tguOy6Xbs= root@server1\n"
            },
            "metadata_options": [
              {
                "aws_v1_http_endpoint": 1,
                "aws_v1_http_token": 2,
                "gce_http_endpoint": 1,
                "gce_http_token": 1
              }
            ],
            "name": "node-1",
            "network_acceleration_type": "standard",
            "network_interface": [
              {
                "dns_record": [],
                "index": 0,
                "ip_address": "10.10.2.5",
                "ipv4": true,
                "ipv6": false,
                "ipv6_address": "",
                "ipv6_dns_record": [],
                "mac_address": "d0:0d:a9:ce:1a:a4",
                "nat": true,
                "nat_dns_record": [],
                "nat_ip_address": "51.250.31.139",
                "nat_ip_version": "IPV4",
                "security_group_ids": [],
                "subnet_id": "e2l8htduonuppss834o0"
              }
            ],
            "placement_policy": [
              {
                "host_affinity_rules": [],
                "placement_group_id": ""
              }
            ],
            "platform_id": "standard-v1",
            "resources": [
              {
                "core_fraction": 100,
                "cores": 4,
                "gpus": 0,
                "memory": 4
              }
            ],
            "scheduling_policy": [
              {
                "preemptible": true
              }
            ],
            "secondary_disk": [],
            "service_account_id": "",
            "status": "running",
            "timeouts": null,
            "zone": "ru-central1-b"
          },
          "sensitive_attributes": [],
          "private": "eyJlMmJmYjczMC1lY2FhLTExZTYtOGY4OC0zNDM2M2JjN2M0YzAiOnsiY3JlYXRlIjozMDAwMDAwMDAwMDAsImRlbGV0ZSI6MzAwMDAwMDAwMDAwLCJ1cGRhdGUiOjMwMDAwMDAwMDAwMH0sInNjaGVtYV92ZXJzaW9uIjoiMSJ9",
          "dependencies": [
            "yandex_vpc_network.subnet-zones",
            "yandex_vpc_subnet.subnet-zones"
          ]
        },
        {
          "index_key": 2,
          "schema_version": 1,
          "attributes": {
            "allow_recreate": null,
            "allow_stopping_for_update": true,
            "boot_disk": [
              {
                "auto_delete": true,
                "device_name": "ef3ftb7nnvh2t0ekct7q",
                "disk_id": "ef3ftb7nnvh2t0ekct7q",
                "initialize_params": [
                  {
                    "block_size": 4096,
                    "description": "",
                    "image_id": "fd852pbtueis1q0pbt4o",
                    "name": "",
                    "size": 20,
                    "snapshot_id": "",
                    "type": "network-ssd"
                  }
                ],
                "mode": "READ_WRITE"
              }
            ],
            "created_at": "2023-07-03T19:29:18Z",
            "description": "",
            "filesystem": [],
            "folder_id": "b1gqa9gdm6fdhcqc67a4",
            "fqdn": "node-2.ru-central1.internal",
            "gpu_cluster_id": "",
            "hostname": "node-2",
            "id": "ef3r58s56f46jrnurndc",
            "labels": {
              "index": "2"
            },
            "local_disk": [],
            "metadata": {
              "ssh-keys": "ubuntu:ssh-rsa AAAAB3NzaC1yc2EAAAADAQABAAABgQDCA9SzDj6gX6Kno27qlWIh3yOU5LygCrTO1A21HtXUHfWg/vcgrvsKGNIG0D2aZF/zeZQsA8t/7ChY44TTrB39mHG55dkqys0y7WDU3BNWYUcHntG+SCUddC+QKcb6e4RdZyF/W+4WeWewIct370X9PqMXImgIxrzExrpAJQmwIJDfcvtzsrL6jOY+TSEA0Fh5HsAVRnCM7EEV0nfsD8aDTqtpLKNqJaAXZb+CmL8/etYXtdyy3jqpLn35+9h/8Czhmr/ru5U2TtWtn89kHeQg8gXyM4q8tdV4N0fLOkRwH+my8rBGd7m/A+WAxJefMWZ08qqvH1LJ7Qh+rqo47QJiW72mEgzP2ahBoDFBTo20X8bMz1HSz0JDCufyRaCFRuFDiQK53fCyYZKVBlgt/M5bQhEXUO3RvpWt7kerPHdqClBjBh8KIcMmVY9i6JamRMTyDX1mKfyhfizEA5BzT3oz/jkQnYztvqH45O5Hudz4VNtp/weH7gpaG/tguOy6Xbs= root@server1\n"
            },
            "metadata_options": [
              {
                "aws_v1_http_endpoint": 1,
                "aws_v1_http_token": 2,
                "gce_http_endpoint": 1,
                "gce_http_token": 1
              }
            ],
            "name": "node-2",
            "network_acceleration_type": "standard",
            "network_interface": [
              {
                "dns_record": [],
                "index": 0,
                "ip_address": "10.10.3.18",
                "ipv4": true,
                "ipv6": false,
                "ipv6_address": "",
                "ipv6_dns_record": [],
                "mac_address": "d0:0d:1b:2a:38:53",
                "nat": true,
                "nat_dns_record": [],
                "nat_ip_address": "51.250.45.59",
                "nat_ip_version": "IPV4",
                "security_group_ids": [],
                "subnet_id": "b0c36heim7m1r337q4lc"
              }
            ],
            "placement_policy": [
              {
                "host_affinity_rules": [],
                "placement_group_id": ""
              }
            ],
            "platform_id": "standard-v1",
            "resources": [
              {
                "core_fraction": 100,
                "cores": 4,
                "gpus": 0,
                "memory": 4
              }
            ],
            "scheduling_policy": [
              {
                "preemptible": true
              }
            ],
            "secondary_disk": [],
            "service_account_id": "",
            "status": "running",
            "timeouts": null,
            "zone": "ru-central1-c"
          },
          "sensitive_attributes": [],
          "private": "eyJlMmJmYjczMC1lY2FhLTExZTYtOGY4OC0zNDM2M2JjN2M0YzAiOnsiY3JlYXRlIjozMDAwMDAwMDAwMDAsImRlbGV0ZSI6MzAwMDAwMDAwMDAwLCJ1cGRhdGUiOjMwMDAwMDAwMDAwMH0sInNjaGVtYV92ZXJzaW9uIjoiMSJ9",
          "dependencies": [
            "yandex_vpc_network.subnet-zones",
            "yandex_vpc_subnet.subnet-zones"
          ]
        }
      ]
    },
    {
      "mode": "managed",
      "type": "yandex_vpc_network",
      "name": "subnet-zones",
      "provider": "provider[\"registry.terraform.io/yandex-cloud/yandex\"]",
      "instances": [
        {
          "schema_version": 0,
          "attributes": {
            "created_at": "2023-07-03T19:29:15Z",
            "default_security_group_id": "",
            "description": "",
            "folder_id": "b1gqa9gdm6fdhcqc67a4",
            "id": "enpnba6dc7hcdd1u14n0",
            "labels": {},
            "name": "net",
            "subnet_ids": [],
            "timeouts": null
          },
          "sensitive_attributes": [],
          "private": "eyJlMmJmYjczMC1lY2FhLTExZTYtOGY4OC0zNDM2M2JjN2M0YzAiOnsiY3JlYXRlIjo2MDAwMDAwMDAwMCwiZGVsZXRlIjo2MDAwMDAwMDAwMCwidXBkYXRlIjo2MDAwMDAwMDAwMH19"
        }
      ]
    },
    {
      "mode": "managed",
      "type": "yandex_vpc_subnet",
      "name": "subnet-zones",
      "provider": "provider[\"registry.terraform.io/yandex-cloud/yandex\"]",
      "instances": [
        {
          "index_key": 0,
          "schema_version": 0,
          "attributes": {
            "created_at": "2023-07-03T19:29:17Z",
            "description": "",
            "dhcp_options": [],
            "folder_id": "b1gqa9gdm6fdhcqc67a4",
            "id": "e9bpp3vt4laobgsgofap",
            "labels": {},
            "name": "subnet-ru-central1-a",
            "network_id": "enpnba6dc7hcdd1u14n0",
            "route_table_id": "",
            "timeouts": null,
            "v4_cidr_blocks": [
              "10.10.1.0/24"
            ],
            "v6_cidr_blocks": [],
            "zone": "ru-central1-a"
          },
          "sensitive_attributes": [],
          "private": "eyJlMmJmYjczMC1lY2FhLTExZTYtOGY4OC0zNDM2M2JjN2M0YzAiOnsiY3JlYXRlIjoxODAwMDAwMDAwMDAsImRlbGV0ZSI6MTgwMDAwMDAwMDAwLCJ1cGRhdGUiOjE4MDAwMDAwMDAwMH19",
          "dependencies": [
            "yandex_vpc_network.subnet-zones"
          ]
        },
        {
          "index_key": 1,
          "schema_version": 0,
          "attributes": {
            "created_at": "2023-07-03T19:29:17Z",
            "description": "",
            "dhcp_options": [],
            "folder_id": "b1gqa9gdm6fdhcqc67a4",
            "id": "e2l8htduonuppss834o0",
            "labels": {},
            "name": "subnet-ru-central1-b",
            "network_id": "enpnba6dc7hcdd1u14n0",
            "route_table_id": "",
            "timeouts": null,
            "v4_cidr_blocks": [
              "10.10.2.0/24"
            ],
            "v6_cidr_blocks": [],
            "zone": "ru-central1-b"
          },
          "sensitive_attributes": [],
          "private": "eyJlMmJmYjczMC1lY2FhLTExZTYtOGY4OC0zNDM2M2JjN2M0YzAiOnsiY3JlYXRlIjoxODAwMDAwMDAwMDAsImRlbGV0ZSI6MTgwMDAwMDAwMDAwLCJ1cGRhdGUiOjE4MDAwMDAwMDAwMH19",
          "dependencies": [
            "yandex_vpc_network.subnet-zones"
          ]
        },
        {
          "index_key": 2,
          "schema_version": 0,
          "attributes": {
            "created_at": "2023-07-03T19:29:16Z",
            "description": "",
            "dhcp_options": [],
            "folder_id": "b1gqa9gdm6fdhcqc67a4",
            "id": "b0c36heim7m1r337q4lc",
            "labels": {},
            "name": "subnet-ru-central1-c",
            "network_id": "enpnba6dc7hcdd1u14n0",
            "route_table_id": "",
            "timeouts": null,
            "v4_cidr_blocks": [
              "10.10.3.0/24"
            ],
            "v6_cidr_blocks": [],
            "zone": "ru-central1-c"
          },
          "sensitive_attributes": [],
          "private": "eyJlMmJmYjczMC1lY2FhLTExZTYtOGY4OC0zNDM2M2JjN2M0YzAiOnsiY3JlYXRlIjoxODAwMDAwMDAwMDAsImRlbGV0ZSI6MTgwMDAwMDAwMDAwLCJ1cGRhdGUiOjE4MDAwMDAwMDAwMH19",
          "dependencies": [
            "yandex_vpc_network.subnet-zones"
          ]
        }
      ]
    }
  ],
  "check_results": null
}
