{
  "version": 4,
  "terraform_version": "1.4.6",
  "serial": 97,
  "lineage": "aae8bfb3-4ad7-1149-f3d8-c84a260e0ca4",
  "outputs": {},
  "resources": [
    {
      "mode": "managed",
      "type": "local_file",
      "name": "backendConf",
      "provider": "provider[\"registry.terraform.io/hashicorp/local\"]",
      "instances": []
    },
    {
      "mode": "managed",
      "type": "yandex_iam_service_account",
      "name": "sa-terraform",
      "provider": "provider[\"registry.terraform.io/yandex-cloud/yandex\"]",
      "instances": [
        {
          "schema_version": 0,
          "attributes": {
            "created_at": "2023-07-21T00:02:24Z",
            "description": "",
            "folder_id": "b1gqa9gdm6fdhcqc67a4",
            "id": "ajegait75afp7a7dgjsp",
            "name": "sa-terraform",
            "timeouts": null
          },
          "sensitive_attributes": [],
          "private": "eyJlMmJmYjczMC1lY2FhLTExZTYtOGY4OC0zNDM2M2JjN2M0YzAiOnsiY3JlYXRlIjo2MDAwMDAwMDAwMCwiZGVsZXRlIjo2MDAwMDAwMDAwMCwidXBkYXRlIjo2MDAwMDAwMDAwMH19"
        }
      ]
    },
    {
      "mode": "managed",
      "type": "yandex_iam_service_account_static_access_key",
      "name": "sa-static-key",
      "provider": "provider[\"registry.terraform.io/yandex-cloud/yandex\"]",
      "instances": [
        {
          "schema_version": 0,
          "attributes": {
            "access_key": "YCAJEAGj1i9pfyEZyCX_a7Zw_",
            "created_at": "2023-07-21T00:02:25Z",
            "description": "static access key",
            "encrypted_secret_key": null,
            "id": "aje469oqm19lscdnb5iq",
            "key_fingerprint": null,
            "pgp_key": null,
            "secret_key": "YCOuKaMRJLJK9jLLXhRFXegkIVvtuPsarliGQjUQ",
            "service_account_id": "ajegait75afp7a7dgjsp"
          },
          "sensitive_attributes": [],
          "private": "bnVsbA==",
          "dependencies": [
            "yandex_iam_service_account.sa-terraform"
          ]
        }
      ]
    },
    {
      "mode": "managed",
      "type": "yandex_storage_object",
      "name": "object-1",
      "provider": "provider[\"registry.terraform.io/yandex-cloud/yandex\"]",
      "instances": []
    }
  ],
  "check_results": null
}
